<?xml version="1.0" encoding="utf-8"?>
<Project ToolsVersion="4.0" xmlns="http://schemas.microsoft.com/developer/msbuild/2003">
  <ItemGroup>
    <Filter Include="Source Files">
      <UniqueIdentifier>{4FC737F1-C7A5-4376-A066-2A32D752A2FF}</UniqueIdentifier>
      <Extensions>cpp;c;cc;cxx;def;odl;idl;hpj;bat;asm;asmx</Extensions>
    </Filter>
    <Filter Include="Header Files">
      <UniqueIdentifier>{93995380-89BD-4b04-88EB-625FBE52EBFB}</UniqueIdentifier>
      <Extensions>h;hh;hpp;hxx;hm;inl;inc;xsd</Extensions>
    </Filter>
    <Filter Include="Resource Files">
      <UniqueIdentifier>{D9D6E242-F8AF-46E4-B9FD-80ECBC20BA3E}</UniqueIdentifier>
      <Extensions>qrc;*</Extensions>
      <ParseFiles>false</ParseFiles>
    </Filter>
    <Filter Include="Form Files">
      <UniqueIdentifier>{99349809-55BA-4b9d-BF79-8FDBB0286EB3}</UniqueIdentifier>
      <Extensions>ui</Extensions>
    </Filter>
    <Filter Include="Resource Files">
      <UniqueIdentifier>{D9D6E242-F8AF-46E4-B9FD-80ECBC20BA3E}</UniqueIdentifier>
      <Extensions>qrc;*</Extensions>
      <ParseFiles>false</ParseFiles>
    </Filter>
    <Filter Include="Generated Files">
      <UniqueIdentifier>{71ED8ED8-ACB9-4CE9-BBE1-E00B30144E11}</UniqueIdentifier>
      <Extensions>moc;h;cpp</Extensions>
      <SourceControlFiles>False</SourceControlFiles>
    </Filter>
    <Filter Include="Shaders">
      <UniqueIdentifier>{5eefc984-0734-45c8-8abc-4153a81cee3f}</UniqueIdentifier>
    </Filter>
    <Filter Include="External">
      <UniqueIdentifier>{628b13de-7f92-4329-ae70-6ee6027af964}</UniqueIdentifier>
    </Filter>
    <Filter Include="External\dlib">
      <UniqueIdentifier>{02926e05-7f06-44e7-86b4-7f0a3a675499}</UniqueIdentifier>
    </Filter>
    <Filter Include="External\nanoflann">
      <UniqueIdentifier>{904223f8-239f-436d-a295-5a63c89cb57b}</UniqueIdentifier>
    </Filter>
    <Filter Include="External\MC33">
      <UniqueIdentifier>{4d2c6558-8319-46c2-8e22-4eef1504260b}</UniqueIdentifier>
    </Filter>
  </ItemGroup>
  <ItemGroup>
    <ClCompile Include="main.cpp">
      <Filter>Source Files</Filter>
    </ClCompile>
    <ClCompile Include="MainWindow.cpp">
      <Filter>Source Files</Filter>
    </ClCompile>
    <ClCompile Include="ViewerWidget.cpp">
      <Filter>Source Files</Filter>
    </ClCompile>
    <ClCompile Include="Camera.cpp">
      <Filter>Source Files</Filter>
    </ClCompile>
    <ClCompile Include="Cylinder.cpp">
      <Filter>Source Files</Filter>
    </ClCompile>
    <ClCompile Include="Renderable.cpp">
      <Filter>Source Files</Filter>
    </ClCompile>
    <ClCompile Include="PhysicalCamera.cpp">
      <Filter>Source Files</Filter>
    </ClCompile>
    <ClCompile Include="VoxelCarver.cpp">
      <Filter>Source Files</Filter>
    </ClCompile>
    <ClCompile Include="AABB.cpp">
      <Filter>Source Files</Filter>
    </ClCompile>
    <ClCompile Include="VoxelObject.cpp">
      <Filter>Source Files</Filter>
    </ClCompile>
    <ClCompile Include="VoxelGrid.cpp">
      <Filter>Source Files</Filter>
    </ClCompile>
    <ClCompile Include="..\external\dlib\all\source.cpp">
      <Filter>External\dlib</Filter>
    </ClCompile>
    <ClCompile Include="MathUtils.cpp">
      <Filter>Source Files</Filter>
    </ClCompile>
    <ClCompile Include="Thinning.cpp">
      <Filter>Source Files</Filter>
    </ClCompile>
    <ClCompile Include="Interpolation.cpp">
      <Filter>Source Files</Filter>
    </ClCompile>
    <ClCompile Include="UnionFind.cpp">
      <Filter>Source Files</Filter>
    </ClCompile>
    <ClCompile Include="Skeletons.cpp">
      <Filter>Source Files</Filter>
    </ClCompile>
    <ClCompile Include="Calibration.cpp">
      <Filter>Source Files</Filter>
    </ClCompile>
    <ClCompile Include="ConsoleApplication.cpp">
      <Filter>Source Files</Filter>
    </ClCompile>
    <ClCompile Include="OBJWriter.cpp">
      <Filter>Source Files</Filter>
    </ClCompile>
    <ClCompile Include="OBJReader.cpp">
      <Filter>Source Files</Filter>
    </ClCompile>
    <ClCompile Include="MeshObject.cpp">
      <Filter>Source Files</Filter>
    </ClCompile>
    <ClCompile Include="TriangleBoxIntersection.cpp">
      <Filter>Source Files</Filter>
    </ClCompile>
    <ClCompile Include="StatsUtils.cpp">
      <Filter>Source Files</Filter>
    </ClCompile>
    <ClCompile Include="Reconstruction.cpp">
      <Filter>Source Files</Filter>
    </ClCompile>
    <ClCompile Include="IoUtils.cpp">
      <Filter>Source Files</Filter>
    </ClCompile>
    <ClCompile Include="AbstractSkeletonBranchClassifier.cpp">
      <Filter>Source Files</Filter>
    </ClCompile>
    <ClCompile Include="ThresholdSkeletonBranchClassifier.cpp">
      <Filter>Source Files</Filter>
    </ClCompile>
    <ClCompile Include="CvSkeletonBranchClassifier.cpp">
      <Filter>Source Files</Filter>
    </ClCompile>
    <ClCompile Include="..\external\MC33\source\libMC33++.cpp">
      <Filter>External\MC33</Filter>
    </ClCompile>
  </ItemGroup>
  <ItemGroup>
    <QtMoc Include="MainWindow.h">
      <Filter>Header Files</Filter>
    </QtMoc>
    <QtMoc Include="ViewerWidget.h">
      <Filter>Header Files</Filter>
    </QtMoc>
    <QtMoc Include="ConsoleApplication.h">
      <Filter>Header Files</Filter>
    </QtMoc>
  </ItemGroup>
  <ItemGroup>
    <QtUic Include="MainWindow.ui">
      <Filter>Form Files</Filter>
    </QtUic>
  </ItemGroup>
  <ItemGroup>
    <QtRcc Include="MainWindow.qrc">
      <Filter>Resource Files</Filter>
    </QtRcc>
  </ItemGroup>
  <ItemGroup>
    <ClInclude Include="Camera.h">
      <Filter>Header Files</Filter>
    </ClInclude>
    <ClInclude Include="Cylinder.h">
      <Filter>Header Files</Filter>
    </ClInclude>
    <ClInclude Include="Renderable.h">
      <Filter>Header Files</Filter>
    </ClInclude>
    <ClInclude Include="PhysicalCamera.h">
      <Filter>Header Files</Filter>
    </ClInclude>
    <ClInclude Include="VoxelCarver.h">
      <Filter>Header Files</Filter>
    </ClInclude>
    <ClInclude Include="AABB.h">
      <Filter>Header Files</Filter>
    </ClInclude>
    <ClInclude Include="VoxelObject.h">
      <Filter>Header Files</Filter>
    </ClInclude>
    <ClInclude Include="VoxelGrid.h">
      <Filter>Header Files</Filter>
    </ClInclude>
    <ClInclude Include="MathUtils.h">
      <Filter>Header Files</Filter>
    </ClInclude>
    <ClInclude Include="Thinning.h">
      <Filter>Header Files</Filter>
    </ClInclude>
    <ClInclude Include="Interpolation.h">
      <Filter>Header Files</Filter>
    </ClInclude>
    <ClInclude Include="UnionFind.h">
      <Filter>Header Files</Filter>
    </ClInclude>
    <ClInclude Include="Skeletons.h">
      <Filter>Header Files</Filter>
    </ClInclude>
    <ClInclude Include="Calibration.h">
      <Filter>Header Files</Filter>
    </ClInclude>
    <ClInclude Include="..\external\nanoflann\nanoflann.hpp">
      <Filter>External\nanoflann</Filter>
    </ClInclude>
    <ClInclude Include="OBJWriter.h">
      <Filter>Header Files</Filter>
    </ClInclude>
    <ClInclude Include="OBJReader.h">
      <Filter>Header Files</Filter>
    </ClInclude>
    <ClInclude Include="MeshObject.h">
      <Filter>Header Files</Filter>
    </ClInclude>
    <ClInclude Include="TriangleBoxIntersection.h">
      <Filter>Header Files</Filter>
    </ClInclude>
    <ClInclude Include="StatsUtils.h">
      <Filter>Header Files</Filter>
    </ClInclude>
    <ClInclude Include="Reconstruction.h">
      <Filter>Header Files</Filter>
    </ClInclude>
    <ClInclude Include="IoUtils.h">
      <Filter>Header Files</Filter>
    </ClInclude>
    <ClInclude Include="AbstractSkeletonBranchClassifier.h">
      <Filter>Header Files</Filter>
    </ClInclude>
    <ClInclude Include="ThresholdSkeletonBranchClassifier.h">
      <Filter>Header Files</Filter>
    </ClInclude>
    <ClInclude Include="CvSkeletonBranchClassifier.h">
      <Filter>Header Files</Filter>
    </ClInclude>
    <ClInclude Include="..\external\MC33\MC33.h">
      <Filter>External\MC33</Filter>
    </ClInclude>
  </ItemGroup>
  <ItemGroup>
    <None Include="Shaders\cylinder_fs.glsl">
      <Filter>Shaders</Filter>
    </None>
    <None Include="Shaders\cylinder_tsc.glsl">
      <Filter>Shaders</Filter>
    </None>
    <None Include="Shaders\cylinder_tse.glsl">
      <Filter>Shaders</Filter>
    </None>
    <None Include="Shaders\cylinder_vs.glsl">
      <Filter>Shaders</Filter>
    </None>
    <None Include="Shaders\physical_camera_image_fs.glsl">
      <Filter>Shaders</Filter>
    </None>
    <None Include="Shaders\physical_camera_image_vs.glsl">
      <Filter>Shaders</Filter>
    </None>
    <None Include="Shaders\physical_camera_frustum_fs.glsl">
      <Filter>Shaders</Filter>
    </None>
    <None Include="Shaders\physical_camera_frustum_vs.glsl">
      <Filter>Shaders</Filter>
    </None>
    <None Include="Shaders\voxel_grid_fs.glsl">
      <Filter>Shaders</Filter>
    </None>
    <None Include="Shaders\voxel_grid_vs.glsl">
      <Filter>Shaders</Filter>
    </None>
    <None Include="Shaders\bezier_surface_fs.glsl">
      <Filter>Shaders</Filter>
    </None>
    <None Include="Shaders\bezier_surface_tcs.glsl">
      <Filter>Shaders</Filter>
    </None>
    <None Include="Shaders\bezier_surface_tes.glsl">
      <Filter>Shaders</Filter>
    </None>
    <None Include="Shaders\bezier_surface_vs.glsl">
      <Filter>Shaders</Filter>
    </None>
    <None Include="Shaders\bezier_spline_fs.glsl">
      <Filter>Shaders</Filter>
    </None>
    <None Include="Shaders\bezier_spline_tcs.glsl">
      <Filter>Shaders</Filter>
    </None>
    <None Include="Shaders\bezier_spline_tes.glsl">
      <Filter>Shaders</Filter>
    </None>
    <None Include="Shaders\bezier_spline_vs.glsl">
      <Filter>Shaders</Filter>
    </None>
    <None Include="Shaders\mesh_fs.glsl">
      <Filter>Shaders</Filter>
    </None>
    <None Include="Shaders\mesh_vs.glsl">
      <Filter>Shaders</Filter>
    </None>
  </ItemGroup>
</Project>